
Microsoft Visual Studio Solution File, Format Version 12.00
# Visual Studio 15
VisualStudioVersion = 15.0.28010.2050
MinimumVisualStudioVersion = 10.0.40219.1
Project("{9A19103F-16F7-4668-BE54-9A1E7A4F7556}") = "RetireEarly.Console", "RetireEarly.Console\RetireEarly.Console.csproj", "{70BAB361-80EC-4072-B071-8A197C0CE3DF}"
EndProject
Project("{9A19103F-16F7-4668-BE54-9A1E7A4F7556}") = "MarketData", "MarketData\MarketData.csproj", "{F72B6B8F-25A4-4B2D-94F1-7717B32C78D8}"
EndProject
Project("{9A19103F-16F7-4668-BE54-9A1E7A4F7556}") = "MarketData.TdAmeritrade", "MarketData.TdAmeritrade\MarketData.TdAmeritrade.csproj", "{02D14D36-48AD-4027-9484-F66BCE3A7F17}"
EndProject
Project("{9A19103F-16F7-4668-BE54-9A1E7A4F7556}") = "MarketData.TdAmeritrade.IntegrationTests", "MarketData.TdAmeritrade.IntegrationTests\MarketData.TdAmeritrade.IntegrationTests.csproj", "{C1D6293D-8536-4681-826E-AB5C18DFDC3D}"
EndProject
Project("{FAE04EC0-301F-11D3-BF4B-00C04F79EFBC}") = "RetireEarly.Registration", "RetireEarly.Registration\RetireEarly.Registration.csproj", "{F8EAB5A2-ADCF-48F0-AC24-1E9CDF6D4F8C}"
EndProject
Project("{FAE04EC0-301F-11D3-BF4B-00C04F79EFBC}") = "RetireEarly.Registration.Feature", "RetireEarly.Registration.Feature\RetireEarly.Registration.Feature.csproj", "{465E6685-55BF-4AFA-8528-B574684A0536}"
EndProject
Global
	GlobalSection(SolutionConfigurationPlatforms) = preSolution
		Debug|Any CPU = Debug|Any CPU
		Release|Any CPU = Release|Any CPU
	EndGlobalSection
	GlobalSection(ProjectConfigurationPlatforms) = postSolution
		{70BAB361-80EC-4072-B071-8A197C0CE3DF}.Debug|Any CPU.ActiveCfg = Debug|Any CPU
		{70BAB361-80EC-4072-B071-8A197C0CE3DF}.Debug|Any CPU.Build.0 = Debug|Any CPU
		{70BAB361-80EC-4072-B071-8A197C0CE3DF}.Release|Any CPU.ActiveCfg = Release|Any CPU
		{70BAB361-80EC-4072-B071-8A197C0CE3DF}.Release|Any CPU.Build.0 = Release|Any CPU
		{F72B6B8F-25A4-4B2D-94F1-7717B32C78D8}.Debug|Any CPU.ActiveCfg = Debug|Any CPU
		{F72B6B8F-25A4-4B2D-94F1-7717B32C78D8}.Debug|Any CPU.Build.0 = Debug|Any CPU
		{F72B6B8F-25A4-4B2D-94F1-7717B32C78D8}.Release|Any CPU.ActiveCfg = Release|Any CPU
		{F72B6B8F-25A4-4B2D-94F1-7717B32C78D8}.Release|Any CPU.Build.0 = Release|Any CPU
		{02D14D36-48AD-4027-9484-F66BCE3A7F17}.Debug|Any CPU.ActiveCfg = Debug|Any CPU
		{02D14D36-48AD-4027-9484-F66BCE3A7F17}.Debug|Any CPU.Build.0 = Debug|Any CPU
		{02D14D36-48AD-4027-9484-F66BCE3A7F17}.Release|Any CPU.ActiveCfg = Release|Any CPU
		{02D14D36-48AD-4027-9484-F66BCE3A7F17}.Release|Any CPU.Build.0 = Release|Any CPU
		{C1D6293D-8536-4681-826E-AB5C18DFDC3D}.Debug|Any CPU.ActiveCfg = Debug|Any CPU
		{C1D6293D-8536-4681-826E-AB5C18DFDC3D}.Debug|Any CPU.Build.0 = Debug|Any CPU
		{C1D6293D-8536-4681-826E-AB5C18DFDC3D}.Release|Any CPU.ActiveCfg = Release|Any CPU
		{C1D6293D-8536-4681-826E-AB5C18DFDC3D}.Release|Any CPU.Build.0 = Release|Any CPU
		{F8EAB5A2-ADCF-48F0-AC24-1E9CDF6D4F8C}.Debug|Any CPU.ActiveCfg = Debug|Any CPU
		{F8EAB5A2-ADCF-48F0-AC24-1E9CDF6D4F8C}.Debug|Any CPU.Build.0 = Debug|Any CPU
		{F8EAB5A2-ADCF-48F0-AC24-1E9CDF6D4F8C}.Release|Any CPU.ActiveCfg = Release|Any CPU
		{F8EAB5A2-ADCF-48F0-AC24-1E9CDF6D4F8C}.Release|Any CPU.Build.0 = Release|Any CPU
		{465E6685-55BF-4AFA-8528-B574684A0536}.Debug|Any CPU.ActiveCfg = Debug|Any CPU
		{465E6685-55BF-4AFA-8528-B574684A0536}.Debug|Any CPU.Build.0 = Debug|Any CPU
		{465E6685-55BF-4AFA-8528-B574684A0536}.Release|Any CPU.ActiveCfg = Release|Any CPU
		{465E6685-55BF-4AFA-8528-B574684A0536}.Release|Any CPU.Build.0 = Release|Any CPU
	EndGlobalSection
	GlobalSection(SolutionProperties) = preSolution
		HideSolutionNode = FALSE
	EndGlobalSection
	GlobalSection(ExtensibilityGlobals) = postSolution
		SolutionGuid = {CD4222EF-E707-4579-89AE-B0E84D224DB0}
	EndGlobalSection
EndGlobal
